{
  "requires": true,
  "lockfileVersion": 1,
  "dependencies": {
    "linked-list-typescript": {
      "version": "1.0.15",
      "resolved": "https://registry.npmjs.org/linked-list-typescript/-/linked-list-typescript-1.0.15.tgz",
      "integrity": "sha512-RIyUu9lnJIyIaMe63O7/aFv/T2v3KsMFuXMBbUQCHX+cgtGro86ETDj5ed0a8gQL2+DFjzYYsgVG4I36/cUwgw=="
    },
    "queue-typescript": {
      "version": "1.0.1",
      "resolved": "https://registry.npmjs.org/queue-typescript/-/queue-typescript-1.0.1.tgz",
      "integrity": "sha512-tkK08uPfmpPl0cX1WRSU3EoNb/T5zSoZPGkkpfGX4E8QayWvEmLS2cI3pFngNPkNTCU5pCDQ1IwlzN0L5gdFPg==",
      "requires": {
        "linked-list-typescript": "^1.0.11"
      }
    }
  }
}
